
Microsoft Visual Studio Solution File, Format Version 12.00
# Visual Studio 15
VisualStudioVersion = 15.0.28307.168
MinimumVisualStudioVersion = 10.0.40219.1
Project("{FAE04EC0-301F-11D3-BF4B-00C04F79EFBC}") = "PatronageZadanie1", "PatronageZadanie1\PatronageZadanie1.csproj", "{191740CB-38ED-4B26-9D16-13B1557CDEC7}"
EndProject
Global
	GlobalSection(SolutionConfigurationPlatforms) = preSolution
		Debug|Any CPU = Debug|Any CPU
		Release|Any CPU = Release|Any CPU
	EndGlobalSection
	GlobalSection(ProjectConfigurationPlatforms) = postSolution
		{191740CB-38ED-4B26-9D16-13B1557CDEC7}.Debug|Any CPU.ActiveCfg = Debug|Any CPU
		{191740CB-38ED-4B26-9D16-13B1557CDEC7}.Debug|Any CPU.Build.0 = Debug|Any CPU
		{191740CB-38ED-4B26-9D16-13B1557CDEC7}.Release|Any CPU.ActiveCfg = Release|Any CPU
		{191740CB-38ED-4B26-9D16-13B1557CDEC7}.Release|Any CPU.Build.0 = Release|Any CPU
	EndGlobalSection
	GlobalSection(SolutionProperties) = preSolution
		HideSolutionNode = FALSE
	EndGlobalSection
	GlobalSection(ExtensibilityGlobals) = postSolution
		SolutionGuid = {463DEA9D-9826-46D3-8CFF-0EB9617E0D3B}
	EndGlobalSection
EndGlobal
